
Microsoft Visual Studio Solution File, Format Version 12.00
# Visual Studio Version 17
VisualStudioVersion = 17.11.35222.181
MinimumVisualStudioVersion = 10.0.40219.1
Project("{FAE04EC0-301F-11D3-BF4B-00C04F79EFBC}") = "lr6_2", "lr6_2\lr6_2.csproj", "{BEF98F50-90E3-4649-814E-EF90C831B1BD}"
EndProject
Global
	GlobalSection(SolutionConfigurationPlatforms) = preSolution
		Debug|Any CPU = Debug|Any CPU
		Release|Any CPU = Release|Any CPU
	EndGlobalSection
	GlobalSection(ProjectConfigurationPlatforms) = postSolution
		{BEF98F50-90E3-4649-814E-EF90C831B1BD}.Debug|Any CPU.ActiveCfg = Debug|Any CPU
		{BEF98F50-90E3-4649-814E-EF90C831B1BD}.Debug|Any CPU.Build.0 = Debug|Any CPU
		{BEF98F50-90E3-4649-814E-EF90C831B1BD}.Release|Any CPU.ActiveCfg = Release|Any CPU
		{BEF98F50-90E3-4649-814E-EF90C831B1BD}.Release|Any CPU.Build.0 = Release|Any CPU
	EndGlobalSection
	GlobalSection(SolutionProperties) = preSolution
		HideSolutionNode = FALSE
	EndGlobalSection
	GlobalSection(ExtensibilityGlobals) = postSolution
		SolutionGuid = {5FFFB72C-C9D0-48C8-BCA2-E57ECE517D96}
	EndGlobalSection
EndGlobal
